
Microsoft Visual Studio Solution File, Format Version 12.00
# Visual Studio Express 14 for Windows Desktop
VisualStudioVersion = 14.0.25420.1
MinimumVisualStudioVersion = 10.0.40219.1
Project("{FAE04EC0-301F-11D3-BF4B-00C04F79EFBC}") = "Ventanas", "Ventanas\Ventanas.csproj", "{4D047222-B345-42E8-B154-77E4CCEF7F89}"
EndProject
Project("{FAE04EC0-301F-11D3-BF4B-00C04F79EFBC}") = "Datos", "Datos\Datos.csproj", "{505AC01B-69D8-4E00-84B9-1FA18EA947D0}"
EndProject
Project("{FAE04EC0-301F-11D3-BF4B-00C04F79EFBC}") = "Entidades", "Entidades\Entidades.csproj", "{2EB7EDE7-8BA5-4BCB-ACF9-957A6C1513AE}"
EndProject
Global
	GlobalSection(SolutionConfigurationPlatforms) = preSolution
		Debug|Any CPU = Debug|Any CPU
		Release|Any CPU = Release|Any CPU
	EndGlobalSection
	GlobalSection(ProjectConfigurationPlatforms) = postSolution
		{4D047222-B345-42E8-B154-77E4CCEF7F89}.Debug|Any CPU.ActiveCfg = Debug|Any CPU
		{4D047222-B345-42E8-B154-77E4CCEF7F89}.Debug|Any CPU.Build.0 = Debug|Any CPU
		{4D047222-B345-42E8-B154-77E4CCEF7F89}.Release|Any CPU.ActiveCfg = Release|Any CPU
		{4D047222-B345-42E8-B154-77E4CCEF7F89}.Release|Any CPU.Build.0 = Release|Any CPU
		{505AC01B-69D8-4E00-84B9-1FA18EA947D0}.Debug|Any CPU.ActiveCfg = Debug|Any CPU
		{505AC01B-69D8-4E00-84B9-1FA18EA947D0}.Debug|Any CPU.Build.0 = Debug|Any CPU
		{505AC01B-69D8-4E00-84B9-1FA18EA947D0}.Release|Any CPU.ActiveCfg = Release|Any CPU
		{505AC01B-69D8-4E00-84B9-1FA18EA947D0}.Release|Any CPU.Build.0 = Release|Any CPU
		{2EB7EDE7-8BA5-4BCB-ACF9-957A6C1513AE}.Debug|Any CPU.ActiveCfg = Debug|Any CPU
		{2EB7EDE7-8BA5-4BCB-ACF9-957A6C1513AE}.Debug|Any CPU.Build.0 = Debug|Any CPU
		{2EB7EDE7-8BA5-4BCB-ACF9-957A6C1513AE}.Release|Any CPU.ActiveCfg = Release|Any CPU
		{2EB7EDE7-8BA5-4BCB-ACF9-957A6C1513AE}.Release|Any CPU.Build.0 = Release|Any CPU
	EndGlobalSection
	GlobalSection(SolutionProperties) = preSolution
		HideSolutionNode = FALSE
	EndGlobalSection
EndGlobal
